
Microsoft Visual Studio Solution File, Format Version 12.00
# Visual Studio Version 16
VisualStudioVersion = 16.0.30002.166
MinimumVisualStudioVersion = 10.0.40219.1
Project("{9A19103F-16F7-4668-BE54-9A1E7A4F7556}") = "Hope.Random", "Hope.Random\Hope.Random.csproj", "{2E5F9D13-F2B3-40D9-B481-9680CF6BC712}"
EndProject
Global
	GlobalSection(SolutionConfigurationPlatforms) = preSolution
		Debug|Any CPU = Debug|Any CPU
		Release|Any CPU = Release|Any CPU
	EndGlobalSection
	GlobalSection(ProjectConfigurationPlatforms) = postSolution
		{2E5F9D13-F2B3-40D9-B481-9680CF6BC712}.Debug|Any CPU.ActiveCfg = Debug|Any CPU
		{2E5F9D13-F2B3-40D9-B481-9680CF6BC712}.Debug|Any CPU.Build.0 = Debug|Any CPU
		{2E5F9D13-F2B3-40D9-B481-9680CF6BC712}.Release|Any CPU.ActiveCfg = Release|Any CPU
		{2E5F9D13-F2B3-40D9-B481-9680CF6BC712}.Release|Any CPU.Build.0 = Release|Any CPU
	EndGlobalSection
	GlobalSection(SolutionProperties) = preSolution
		HideSolutionNode = FALSE
	EndGlobalSection
	GlobalSection(ExtensibilityGlobals) = postSolution
		SolutionGuid = {609CDC9E-63DA-4208-B4B4-AF3475582C5C}
	EndGlobalSection
EndGlobal
